
Microsoft Visual Studio Solution File, Format Version 12.00
# Visual Studio Version 17
VisualStudioVersion = 17.11.35327.3
MinimumVisualStudioVersion = 10.0.40219.1
Project("{FAE04EC0-301F-11D3-BF4B-00C04F79EFBC}") = "WebApplication1", "WebApplication1\WebApplication1.csproj", "{9F82BC7C-CCE3-4641-BC1A-9EA4867622A3}"
EndProject
Global
	GlobalSection(SolutionConfigurationPlatforms) = preSolution
		Debug|Any CPU = Debug|Any CPU
		Release|Any CPU = Release|Any CPU
	EndGlobalSection
	GlobalSection(ProjectConfigurationPlatforms) = postSolution
		{9F82BC7C-CCE3-4641-BC1A-9EA4867622A3}.Debug|Any CPU.ActiveCfg = Debug|Any CPU
		{9F82BC7C-CCE3-4641-BC1A-9EA4867622A3}.Debug|Any CPU.Build.0 = Debug|Any CPU
		{9F82BC7C-CCE3-4641-BC1A-9EA4867622A3}.Release|Any CPU.ActiveCfg = Release|Any CPU
		{9F82BC7C-CCE3-4641-BC1A-9EA4867622A3}.Release|Any CPU.Build.0 = Release|Any CPU
	EndGlobalSection
	GlobalSection(SolutionProperties) = preSolution
		HideSolutionNode = FALSE
	EndGlobalSection
	GlobalSection(ExtensibilityGlobals) = postSolution
		SolutionGuid = {C186D6D8-26B4-458F-B81E-9DC8DB7AE4C8}
	EndGlobalSection
EndGlobal
